
Microsoft Visual Studio Solution File, Format Version 12.00
# Visual Studio Version 17
VisualStudioVersion = 17.13.35818.85
MinimumVisualStudioVersion = 10.0.40219.1
Project("{8BC9CEB8-8B4A-11D0-8D11-00A0C91BC942}") = "Lesson2", "Lesson2\Lesson2.vcxproj", "{4CA39823-2000-4FEF-A26A-EB38AA9F1038}"
EndProject
Project("{8BC9CEB8-8B4A-11D0-8D11-00A0C91BC942}") = "Ex2", "Ex2\Ex2.vcxproj", "{47793FF9-A9AD-4165-B21D-4BCB24AD9F08}"
EndProject
Project("{8BC9CEB8-8B4A-11D0-8D11-00A0C91BC942}") = "Lesson1", "Lesson1\Lesson1.vcxproj", "{EBDDE6CA-761E-4160-B1A3-6E8B14E357C6}"
EndProject
Project("{8BC9CEB8-8B4A-11D0-8D11-00A0C91BC942}") = "Ex1", "Ex1\Ex1.vcxproj", "{8217527F-095D-45BC-85CA-521C8F4AFD50}"
EndProject
Project("{8BC9CEB8-8B4A-11D0-8D11-00A0C91BC942}") = "Ex3", "Ex3\Ex3.vcxproj", "{6EA6FE90-A676-4E56-BFB4-4A1C166DD0BC}"
EndProject
Project("{8BC9CEB8-8B4A-11D0-8D11-00A0C91BC942}") = "Lesson4", "Lesson4\Lesson4.vcxproj", "{76928C33-5F65-4D33-8CC7-6D76E1716B14}"
EndProject
Project("{8BC9CEB8-8B4A-11D0-8D11-00A0C91BC942}") = "Ex4", "Ex4\Ex4.vcxproj", "{C29CB07A-069A-42C8-BB66-B37D0AD2805E}"
EndProject
Project("{8BC9CEB8-8B4A-11D0-8D11-00A0C91BC942}") = "Lesson6", "Lesson6\Lesson6.vcxproj", "{C845354C-D660-42C7-80CE-FB3F14A88747}"
EndProject
Project("{8BC9CEB8-8B4A-11D0-8D11-00A0C91BC942}") = "Lesson7", "Lesson7\Lesson7.vcxproj", "{D680F512-C320-4D04-B060-3A1E921F7B8F}"
EndProject
Project("{8BC9CEB8-8B4A-11D0-8D11-00A0C91BC942}") = "Ex6", "Ex6\Ex6.vcxproj", "{6356AC94-19EB-4D33-8A19-BDF9D1439935}"
EndProject
Project("{8BC9CEB8-8B4A-11D0-8D11-00A0C91BC942}") = "Lesson8", "Lesson8\Lesson8.vcxproj", "{CD7EB95A-DB3F-4C26-BD9B-AC6F83F25AE1}"
EndProject
Project("{8BC9CEB8-8B4A-11D0-8D11-00A0C91BC942}") = "Ex7", "Ex7\Ex7.vcxproj", "{EEDD2773-93CE-4450-BA5C-E611A4E484DE}"
EndProject
Project("{8BC9CEB8-8B4A-11D0-8D11-00A0C91BC942}") = "Ex8", "Ex8\Ex8.vcxproj", "{DF1BB956-8237-4A96-BF79-081AD81C1091}"
EndProject
Global
	GlobalSection(SolutionConfigurationPlatforms) = preSolution
		Debug|x64 = Debug|x64
		Debug|x86 = Debug|x86
		Release|x64 = Release|x64
		Release|x86 = Release|x86
	EndGlobalSection
	GlobalSection(ProjectConfigurationPlatforms) = postSolution
		{4CA39823-2000-4FEF-A26A-EB38AA9F1038}.Debug|x64.ActiveCfg = Debug|x64
		{4CA39823-2000-4FEF-A26A-EB38AA9F1038}.Debug|x64.Build.0 = Debug|x64
		{4CA39823-2000-4FEF-A26A-EB38AA9F1038}.Debug|x86.ActiveCfg = Debug|Win32
		{4CA39823-2000-4FEF-A26A-EB38AA9F1038}.Debug|x86.Build.0 = Debug|Win32
		{4CA39823-2000-4FEF-A26A-EB38AA9F1038}.Release|x64.ActiveCfg = Release|x64
		{4CA39823-2000-4FEF-A26A-EB38AA9F1038}.Release|x64.Build.0 = Release|x64
		{4CA39823-2000-4FEF-A26A-EB38AA9F1038}.Release|x86.ActiveCfg = Release|Win32
		{4CA39823-2000-4FEF-A26A-EB38AA9F1038}.Release|x86.Build.0 = Release|Win32
		{47793FF9-A9AD-4165-B21D-4BCB24AD9F08}.Debug|x64.ActiveCfg = Debug|x64
		{47793FF9-A9AD-4165-B21D-4BCB24AD9F08}.Debug|x64.Build.0 = Debug|x64
		{47793FF9-A9AD-4165-B21D-4BCB24AD9F08}.Debug|x86.ActiveCfg = Debug|Win32
		{47793FF9-A9AD-4165-B21D-4BCB24AD9F08}.Debug|x86.Build.0 = Debug|Win32
		{47793FF9-A9AD-4165-B21D-4BCB24AD9F08}.Release|x64.ActiveCfg = Release|x64
		{47793FF9-A9AD-4165-B21D-4BCB24AD9F08}.Release|x64.Build.0 = Release|x64
		{47793FF9-A9AD-4165-B21D-4BCB24AD9F08}.Release|x86.ActiveCfg = Release|Win32
		{47793FF9-A9AD-4165-B21D-4BCB24AD9F08}.Release|x86.Build.0 = Release|Win32
		{EBDDE6CA-761E-4160-B1A3-6E8B14E357C6}.Debug|x64.ActiveCfg = Debug|x64
		{EBDDE6CA-761E-4160-B1A3-6E8B14E357C6}.Debug|x64.Build.0 = Debug|x64
		{EBDDE6CA-761E-4160-B1A3-6E8B14E357C6}.Debug|x86.ActiveCfg = Debug|Win32
		{EBDDE6CA-761E-4160-B1A3-6E8B14E357C6}.Debug|x86.Build.0 = Debug|Win32
		{EBDDE6CA-761E-4160-B1A3-6E8B14E357C6}.Release|x64.ActiveCfg = Release|x64
		{EBDDE6CA-761E-4160-B1A3-6E8B14E357C6}.Release|x64.Build.0 = Release|x64
		{EBDDE6CA-761E-4160-B1A3-6E8B14E357C6}.Release|x86.ActiveCfg = Release|Win32
		{EBDDE6CA-761E-4160-B1A3-6E8B14E357C6}.Release|x86.Build.0 = Release|Win32
		{8217527F-095D-45BC-85CA-521C8F4AFD50}.Debug|x64.ActiveCfg = Debug|x64
		{8217527F-095D-45BC-85CA-521C8F4AFD50}.Debug|x64.Build.0 = Debug|x64
		{8217527F-095D-45BC-85CA-521C8F4AFD50}.Debug|x86.ActiveCfg = Debug|Win32
		{8217527F-095D-45BC-85CA-521C8F4AFD50}.Debug|x86.Build.0 = Debug|Win32
		{8217527F-095D-45BC-85CA-521C8F4AFD50}.Release|x64.ActiveCfg = Release|x64
		{8217527F-095D-45BC-85CA-521C8F4AFD50}.Release|x64.Build.0 = Release|x64
		{8217527F-095D-45BC-85CA-521C8F4AFD50}.Release|x86.ActiveCfg = Release|Win32
		{8217527F-095D-45BC-85CA-521C8F4AFD50}.Release|x86.Build.0 = Release|Win32
		{6EA6FE90-A676-4E56-BFB4-4A1C166DD0BC}.Debug|x64.ActiveCfg = Debug|x64
		{6EA6FE90-A676-4E56-BFB4-4A1C166DD0BC}.Debug|x64.Build.0 = Debug|x64
		{6EA6FE90-A676-4E56-BFB4-4A1C166DD0BC}.Debug|x86.ActiveCfg = Debug|Win32
		{6EA6FE90-A676-4E56-BFB4-4A1C166DD0BC}.Debug|x86.Build.0 = Debug|Win32
		{6EA6FE90-A676-4E56-BFB4-4A1C166DD0BC}.Release|x64.ActiveCfg = Release|x64
		{6EA6FE90-A676-4E56-BFB4-4A1C166DD0BC}.Release|x64.Build.0 = Release|x64
		{6EA6FE90-A676-4E56-BFB4-4A1C166DD0BC}.Release|x86.ActiveCfg = Release|Win32
		{6EA6FE90-A676-4E56-BFB4-4A1C166DD0BC}.Release|x86.Build.0 = Release|Win32
		{76928C33-5F65-4D33-8CC7-6D76E1716B14}.Debug|x64.ActiveCfg = Debug|x64
		{76928C33-5F65-4D33-8CC7-6D76E1716B14}.Debug|x64.Build.0 = Debug|x64
		{76928C33-5F65-4D33-8CC7-6D76E1716B14}.Debug|x86.ActiveCfg = Debug|Win32
		{76928C33-5F65-4D33-8CC7-6D76E1716B14}.Debug|x86.Build.0 = Debug|Win32
		{76928C33-5F65-4D33-8CC7-6D76E1716B14}.Release|x64.ActiveCfg = Release|x64
		{76928C33-5F65-4D33-8CC7-6D76E1716B14}.Release|x64.Build.0 = Release|x64
		{76928C33-5F65-4D33-8CC7-6D76E1716B14}.Release|x86.ActiveCfg = Release|Win32
		{76928C33-5F65-4D33-8CC7-6D76E1716B14}.Release|x86.Build.0 = Release|Win32
		{C29CB07A-069A-42C8-BB66-B37D0AD2805E}.Debug|x64.ActiveCfg = Debug|x64
		{C29CB07A-069A-42C8-BB66-B37D0AD2805E}.Debug|x64.Build.0 = Debug|x64
		{C29CB07A-069A-42C8-BB66-B37D0AD2805E}.Debug|x86.ActiveCfg = Debug|Win32
		{C29CB07A-069A-42C8-BB66-B37D0AD2805E}.Debug|x86.Build.0 = Debug|Win32
		{C29CB07A-069A-42C8-BB66-B37D0AD2805E}.Release|x64.ActiveCfg = Release|x64
		{C29CB07A-069A-42C8-BB66-B37D0AD2805E}.Release|x64.Build.0 = Release|x64
		{C29CB07A-069A-42C8-BB66-B37D0AD2805E}.Release|x86.ActiveCfg = Release|Win32
		{C29CB07A-069A-42C8-BB66-B37D0AD2805E}.Release|x86.Build.0 = Release|Win32
		{C845354C-D660-42C7-80CE-FB3F14A88747}.Debug|x64.ActiveCfg = Debug|x64
		{C845354C-D660-42C7-80CE-FB3F14A88747}.Debug|x64.Build.0 = Debug|x64
		{C845354C-D660-42C7-80CE-FB3F14A88747}.Debug|x86.ActiveCfg = Debug|Win32
		{C845354C-D660-42C7-80CE-FB3F14A88747}.Debug|x86.Build.0 = Debug|Win32
		{C845354C-D660-42C7-80CE-FB3F14A88747}.Release|x64.ActiveCfg = Release|x64
		{C845354C-D660-42C7-80CE-FB3F14A88747}.Release|x64.Build.0 = Release|x64
		{C845354C-D660-42C7-80CE-FB3F14A88747}.Release|x86.ActiveCfg = Release|Win32
		{C845354C-D660-42C7-80CE-FB3F14A88747}.Release|x86.Build.0 = Release|Win32
		{D680F512-C320-4D04-B060-3A1E921F7B8F}.Debug|x64.ActiveCfg = Debug|x64
		{D680F512-C320-4D04-B060-3A1E921F7B8F}.Debug|x64.Build.0 = Debug|x64
		{D680F512-C320-4D04-B060-3A1E921F7B8F}.Debug|x86.ActiveCfg = Debug|Win32
		{D680F512-C320-4D04-B060-3A1E921F7B8F}.Debug|x86.Build.0 = Debug|Win32
		{D680F512-C320-4D04-B060-3A1E921F7B8F}.Release|x64.ActiveCfg = Release|x64
		{D680F512-C320-4D04-B060-3A1E921F7B8F}.Release|x64.Build.0 = Release|x64
		{D680F512-C320-4D04-B060-3A1E921F7B8F}.Release|x86.ActiveCfg = Release|Win32
		{D680F512-C320-4D04-B060-3A1E921F7B8F}.Release|x86.Build.0 = Release|Win32
		{6356AC94-19EB-4D33-8A19-BDF9D1439935}.Debug|x64.ActiveCfg = Debug|x64
		{6356AC94-19EB-4D33-8A19-BDF9D1439935}.Debug|x64.Build.0 = Debug|x64
		{6356AC94-19EB-4D33-8A19-BDF9D1439935}.Debug|x86.ActiveCfg = Debug|Win32
		{6356AC94-19EB-4D33-8A19-BDF9D1439935}.Debug|x86.Build.0 = Debug|Win32
		{6356AC94-19EB-4D33-8A19-BDF9D1439935}.Release|x64.ActiveCfg = Release|x64
		{6356AC94-19EB-4D33-8A19-BDF9D1439935}.Release|x64.Build.0 = Release|x64
		{6356AC94-19EB-4D33-8A19-BDF9D1439935}.Release|x86.ActiveCfg = Release|Win32
		{6356AC94-19EB-4D33-8A19-BDF9D1439935}.Release|x86.Build.0 = Release|Win32
		{CD7EB95A-DB3F-4C26-BD9B-AC6F83F25AE1}.Debug|x64.ActiveCfg = Debug|x64
		{CD7EB95A-DB3F-4C26-BD9B-AC6F83F25AE1}.Debug|x64.Build.0 = Debug|x64
		{CD7EB95A-DB3F-4C26-BD9B-AC6F83F25AE1}.Debug|x86.ActiveCfg = Debug|Win32
		{CD7EB95A-DB3F-4C26-BD9B-AC6F83F25AE1}.Debug|x86.Build.0 = Debug|Win32
		{CD7EB95A-DB3F-4C26-BD9B-AC6F83F25AE1}.Release|x64.ActiveCfg = Release|x64
		{CD7EB95A-DB3F-4C26-BD9B-AC6F83F25AE1}.Release|x64.Build.0 = Release|x64
		{CD7EB95A-DB3F-4C26-BD9B-AC6F83F25AE1}.Release|x86.ActiveCfg = Release|Win32
		{CD7EB95A-DB3F-4C26-BD9B-AC6F83F25AE1}.Release|x86.Build.0 = Release|Win32
		{EEDD2773-93CE-4450-BA5C-E611A4E484DE}.Debug|x64.ActiveCfg = Debug|x64
		{EEDD2773-93CE-4450-BA5C-E611A4E484DE}.Debug|x64.Build.0 = Debug|x64
		{EEDD2773-93CE-4450-BA5C-E611A4E484DE}.Debug|x86.ActiveCfg = Debug|Win32
		{EEDD2773-93CE-4450-BA5C-E611A4E484DE}.Debug|x86.Build.0 = Debug|Win32
		{EEDD2773-93CE-4450-BA5C-E611A4E484DE}.Release|x64.ActiveCfg = Release|x64
		{EEDD2773-93CE-4450-BA5C-E611A4E484DE}.Release|x64.Build.0 = Release|x64
		{EEDD2773-93CE-4450-BA5C-E611A4E484DE}.Release|x86.ActiveCfg = Release|Win32
		{EEDD2773-93CE-4450-BA5C-E611A4E484DE}.Release|x86.Build.0 = Release|Win32
		{DF1BB956-8237-4A96-BF79-081AD81C1091}.Debug|x64.ActiveCfg = Debug|x64
		{DF1BB956-8237-4A96-BF79-081AD81C1091}.Debug|x64.Build.0 = Debug|x64
		{DF1BB956-8237-4A96-BF79-081AD81C1091}.Debug|x86.ActiveCfg = Debug|Win32
		{DF1BB956-8237-4A96-BF79-081AD81C1091}.Debug|x86.Build.0 = Debug|Win32
		{DF1BB956-8237-4A96-BF79-081AD81C1091}.Release|x64.ActiveCfg = Release|x64
		{DF1BB956-8237-4A96-BF79-081AD81C1091}.Release|x64.Build.0 = Release|x64
		{DF1BB956-8237-4A96-BF79-081AD81C1091}.Release|x86.ActiveCfg = Release|Win32
		{DF1BB956-8237-4A96-BF79-081AD81C1091}.Release|x86.Build.0 = Release|Win32
	EndGlobalSection
	GlobalSection(SolutionProperties) = preSolution
		HideSolutionNode = FALSE
	EndGlobalSection
	GlobalSection(ExtensibilityGlobals) = postSolution
		SolutionGuid = {AA1AABCF-3729-40F5-A915-236BDA3ACE21}
	EndGlobalSection
EndGlobal
